
Microsoft Visual Studio Solution File, Format Version 12.00
# Visual Studio Version 17
VisualStudioVersion = 17.3.32929.385
MinimumVisualStudioVersion = 10.0.40219.1
Project("{FAE04EC0-301F-11D3-BF4B-00C04F79EFBC}") = "Gestion_Parking", "Gestion_Parking\Gestion_Parking.csproj", "{4E9A62FC-820C-41A6-B10E-D4589733A27F}"
EndProject
Global
	GlobalSection(SolutionConfigurationPlatforms) = preSolution
		Debug|Any CPU = Debug|Any CPU
		Release|Any CPU = Release|Any CPU
	EndGlobalSection
	GlobalSection(ProjectConfigurationPlatforms) = postSolution
		{4E9A62FC-820C-41A6-B10E-D4589733A27F}.Debug|Any CPU.ActiveCfg = Debug|Any CPU
		{4E9A62FC-820C-41A6-B10E-D4589733A27F}.Debug|Any CPU.Build.0 = Debug|Any CPU
		{4E9A62FC-820C-41A6-B10E-D4589733A27F}.Release|Any CPU.ActiveCfg = Release|Any CPU
		{4E9A62FC-820C-41A6-B10E-D4589733A27F}.Release|Any CPU.Build.0 = Release|Any CPU
	EndGlobalSection
	GlobalSection(SolutionProperties) = preSolution
		HideSolutionNode = FALSE
	EndGlobalSection
	GlobalSection(ExtensibilityGlobals) = postSolution
		SolutionGuid = {10ADF6B4-91F5-423D-B93A-F8A7D577C3AA}
	EndGlobalSection
EndGlobal
